
Microsoft Visual Studio Solution File, Format Version 12.00
# Visual Studio Version 17
VisualStudioVersion = 17.3.32825.248
MinimumVisualStudioVersion = 10.0.40219.1
Project("{FAE04EC0-301F-11D3-BF4B-00C04F79EFBC}") = "ControlIngresoGastos", "ControlIngresoGastos\ControlIngresoGastos.csproj", "{FA3A9360-8370-41F9-B3CC-CE7028EFD576}"
EndProject
Global
	GlobalSection(SolutionConfigurationPlatforms) = preSolution
		Debug|Any CPU = Debug|Any CPU
		Release|Any CPU = Release|Any CPU
	EndGlobalSection
	GlobalSection(ProjectConfigurationPlatforms) = postSolution
		{FA3A9360-8370-41F9-B3CC-CE7028EFD576}.Debug|Any CPU.ActiveCfg = Debug|Any CPU
		{FA3A9360-8370-41F9-B3CC-CE7028EFD576}.Debug|Any CPU.Build.0 = Debug|Any CPU
		{FA3A9360-8370-41F9-B3CC-CE7028EFD576}.Release|Any CPU.ActiveCfg = Release|Any CPU
		{FA3A9360-8370-41F9-B3CC-CE7028EFD576}.Release|Any CPU.Build.0 = Release|Any CPU
	EndGlobalSection
	GlobalSection(SolutionProperties) = preSolution
		HideSolutionNode = FALSE
	EndGlobalSection
	GlobalSection(ExtensibilityGlobals) = postSolution
		SolutionGuid = {5F6FF237-660C-4BCF-A4A9-CD6AB067FE6E}
	EndGlobalSection
EndGlobal
